
Microsoft Visual Studio Solution File, Format Version 12.00
# Visual Studio 2015
Project("{FAE04EC0-301F-11D3-BF4B-00C04F79EFBC}") = "ARUnity.CSharp", "ARUnity.CSharp.csproj", "{E45013A2-821D-3FB7-86EF-0986AA1DA704}"
EndProject
Project("{FAE04EC0-301F-11D3-BF4B-00C04F79EFBC}") = "ARUnity.CSharp.Editor", "ARUnity.CSharp.Editor.csproj", "{014D4A13-D03D-7429-F5B2-55D488DF4CC4}"
EndProject
Global
	GlobalSection(SolutionConfigurationPlatforms) = preSolution
		Debug|Any CPU = Debug|Any CPU
		Release|Any CPU = Release|Any CPU
	EndGlobalSection
	GlobalSection(ProjectConfigurationPlatforms) = postSolution
		{E45013A2-821D-3FB7-86EF-0986AA1DA704}.Debug|Any CPU.ActiveCfg = Debug|Any CPU
		{E45013A2-821D-3FB7-86EF-0986AA1DA704}.Debug|Any CPU.Build.0 = Debug|Any CPU
		{E45013A2-821D-3FB7-86EF-0986AA1DA704}.Release|Any CPU.ActiveCfg = Release|Any CPU
		{E45013A2-821D-3FB7-86EF-0986AA1DA704}.Release|Any CPU.Build.0 = Release|Any CPU
		{014D4A13-D03D-7429-F5B2-55D488DF4CC4}.Debug|Any CPU.ActiveCfg = Debug|Any CPU
		{014D4A13-D03D-7429-F5B2-55D488DF4CC4}.Debug|Any CPU.Build.0 = Debug|Any CPU
		{014D4A13-D03D-7429-F5B2-55D488DF4CC4}.Release|Any CPU.ActiveCfg = Release|Any CPU
		{014D4A13-D03D-7429-F5B2-55D488DF4CC4}.Release|Any CPU.Build.0 = Release|Any CPU
	EndGlobalSection
	GlobalSection(SolutionProperties) = preSolution
		HideSolutionNode = FALSE
	EndGlobalSection
EndGlobal
