
Microsoft Visual Studio Solution File, Format Version 12.00
# Visual Studio 2015
Project("{FAE04EC0-301F-11D3-BF4B-00C04F79EFBC}") = "VRControlling.CSharp.Plugins", "VRControlling.CSharp.Plugins.csproj", "{0F6F50CC-D8BF-BC20-6310-A840091033FB}"
EndProject
Project("{FAE04EC0-301F-11D3-BF4B-00C04F79EFBC}") = "VRControlling.CSharp", "VRControlling.CSharp.csproj", "{9C54153B-BAC5-16E7-D977-511C7B24AFA0}"
EndProject
Project("{FAE04EC0-301F-11D3-BF4B-00C04F79EFBC}") = "VRControlling.CSharp.Editor", "VRControlling.CSharp.Editor.csproj", "{C39D5D5F-1352-97D8-FF4A-4610D20FBF8C}"
EndProject
Global
	GlobalSection(SolutionConfigurationPlatforms) = preSolution
		Debug|Any CPU = Debug|Any CPU
		Release|Any CPU = Release|Any CPU
	EndGlobalSection
	GlobalSection(ProjectConfigurationPlatforms) = postSolution
		{0F6F50CC-D8BF-BC20-6310-A840091033FB}.Debug|Any CPU.ActiveCfg = Debug|Any CPU
		{0F6F50CC-D8BF-BC20-6310-A840091033FB}.Debug|Any CPU.Build.0 = Debug|Any CPU
		{0F6F50CC-D8BF-BC20-6310-A840091033FB}.Release|Any CPU.ActiveCfg = Release|Any CPU
		{0F6F50CC-D8BF-BC20-6310-A840091033FB}.Release|Any CPU.Build.0 = Release|Any CPU
		{9C54153B-BAC5-16E7-D977-511C7B24AFA0}.Debug|Any CPU.ActiveCfg = Debug|Any CPU
		{9C54153B-BAC5-16E7-D977-511C7B24AFA0}.Debug|Any CPU.Build.0 = Debug|Any CPU
		{9C54153B-BAC5-16E7-D977-511C7B24AFA0}.Release|Any CPU.ActiveCfg = Release|Any CPU
		{9C54153B-BAC5-16E7-D977-511C7B24AFA0}.Release|Any CPU.Build.0 = Release|Any CPU
		{C39D5D5F-1352-97D8-FF4A-4610D20FBF8C}.Debug|Any CPU.ActiveCfg = Debug|Any CPU
		{C39D5D5F-1352-97D8-FF4A-4610D20FBF8C}.Debug|Any CPU.Build.0 = Debug|Any CPU
		{C39D5D5F-1352-97D8-FF4A-4610D20FBF8C}.Release|Any CPU.ActiveCfg = Release|Any CPU
		{C39D5D5F-1352-97D8-FF4A-4610D20FBF8C}.Release|Any CPU.Build.0 = Release|Any CPU
	EndGlobalSection
	GlobalSection(SolutionProperties) = preSolution
		HideSolutionNode = FALSE
	EndGlobalSection
EndGlobal
