
Microsoft Visual Studio Solution File, Format Version 12.00
# Visual Studio 2015
Project("{FAE04EC0-301F-11D3-BF4B-00C04F79EFBC}") = "VRControlling.Plugins", "VRControlling.Plugins.csproj", "{9351882D-8245-E033-71F9-CDDD5AD9C6FD}"
EndProject
Project("{FAE04EC0-301F-11D3-BF4B-00C04F79EFBC}") = "VRControlling", "VRControlling.csproj", "{9AE299D4-FD20-A221-DD77-98C36A0CD525}"
EndProject
Project("{FAE04EC0-301F-11D3-BF4B-00C04F79EFBC}") = "VRControlling.Editor", "VRControlling.Editor.csproj", "{F6C66799-B66D-C381-298C-51E10E6F1A22}"
EndProject
Global
	GlobalSection(SolutionConfigurationPlatforms) = preSolution
		Debug|Any CPU = Debug|Any CPU
		Release|Any CPU = Release|Any CPU
	EndGlobalSection
	GlobalSection(ProjectConfigurationPlatforms) = postSolution
		{9351882D-8245-E033-71F9-CDDD5AD9C6FD}.Debug|Any CPU.ActiveCfg = Debug|Any CPU
		{9351882D-8245-E033-71F9-CDDD5AD9C6FD}.Debug|Any CPU.Build.0 = Debug|Any CPU
		{9351882D-8245-E033-71F9-CDDD5AD9C6FD}.Release|Any CPU.ActiveCfg = Release|Any CPU
		{9351882D-8245-E033-71F9-CDDD5AD9C6FD}.Release|Any CPU.Build.0 = Release|Any CPU
		{9AE299D4-FD20-A221-DD77-98C36A0CD525}.Debug|Any CPU.ActiveCfg = Debug|Any CPU
		{9AE299D4-FD20-A221-DD77-98C36A0CD525}.Debug|Any CPU.Build.0 = Debug|Any CPU
		{9AE299D4-FD20-A221-DD77-98C36A0CD525}.Release|Any CPU.ActiveCfg = Release|Any CPU
		{9AE299D4-FD20-A221-DD77-98C36A0CD525}.Release|Any CPU.Build.0 = Release|Any CPU
		{F6C66799-B66D-C381-298C-51E10E6F1A22}.Debug|Any CPU.ActiveCfg = Debug|Any CPU
		{F6C66799-B66D-C381-298C-51E10E6F1A22}.Debug|Any CPU.Build.0 = Debug|Any CPU
		{F6C66799-B66D-C381-298C-51E10E6F1A22}.Release|Any CPU.ActiveCfg = Release|Any CPU
		{F6C66799-B66D-C381-298C-51E10E6F1A22}.Release|Any CPU.Build.0 = Release|Any CPU
	EndGlobalSection
	GlobalSection(SolutionProperties) = preSolution
		HideSolutionNode = FALSE
	EndGlobalSection
EndGlobal
